
Microsoft Visual Studio Solution File, Format Version 12.00
# Visual Studio Version 17
VisualStudioVersion = 17.8.34309.116
MinimumVisualStudioVersion = 10.0.40219.1
Project("{FAE04EC0-301F-11D3-BF4B-00C04F79EFBC}") = "Controlador de Gastos", "Controlador de Gastos.csproj", "{105B0B2F-814C-4BF7-8CDC-706A99A01417}"
EndProject
Project("{2150E333-8FDC-42A3-9474-1A3956D46DE8}") = "Solution Items", "Solution Items", "{4D606C64-99CE-469D-8047-91EADBFBCED0}"
	ProjectSection(SolutionItems) = preProject
		.editorconfig = .editorconfig
	EndProjectSection
EndProject
Global
	GlobalSection(SolutionConfigurationPlatforms) = preSolution
		Debug|Any CPU = Debug|Any CPU
		Release|Any CPU = Release|Any CPU
	EndGlobalSection
	GlobalSection(ProjectConfigurationPlatforms) = postSolution
		{105B0B2F-814C-4BF7-8CDC-706A99A01417}.Debug|Any CPU.ActiveCfg = Debug|Any CPU
		{105B0B2F-814C-4BF7-8CDC-706A99A01417}.Debug|Any CPU.Build.0 = Debug|Any CPU
		{105B0B2F-814C-4BF7-8CDC-706A99A01417}.Release|Any CPU.ActiveCfg = Release|Any CPU
		{105B0B2F-814C-4BF7-8CDC-706A99A01417}.Release|Any CPU.Build.0 = Release|Any CPU
	EndGlobalSection
	GlobalSection(SolutionProperties) = preSolution
		HideSolutionNode = FALSE
	EndGlobalSection
	GlobalSection(ExtensibilityGlobals) = postSolution
		SolutionGuid = {5314B4A8-69A1-4BA6-8414-7A32DE47DE0A}
	EndGlobalSection
EndGlobal
